// !$*UTF8*$!
{
	archiveVersion = 1;
	classes = {
	};
	objectVersion = 50;
	objects = {

/* Begin PBXBuildFile section */
		0611B7792334E288007BB7BF /* AppDelegate.swift in Sources */ = {isa = PBXBuildFile; fileRef = 0611B7782334E288007BB7BF /* AppDelegate.swift */; };
		0611B77E2334E288007BB7BF /* Main.storyboard in Resources */ = {isa = PBXBuildFile; fileRef = 0611B77C2334E288007BB7BF /* Main.storyboard */; };
		0611B7802334E296007BB7BF /* Assets.xcassets in Resources */ = {isa = PBXBuildFile; fileRef = 0611B77F2334E296007BB7BF /* Assets.xcassets */; };
		0611B7832334E296007BB7BF /* LaunchScreen.storyboard in Resources */ = {isa = PBXBuildFile; fileRef = 0611B7812334E296007BB7BF /* LaunchScreen.storyboard */; };
		0611B78B2334E331007BB7BF /* ViewController1.swift in Sources */ = {isa = PBXBuildFile; fileRef = 0611B78A2334E331007BB7BF /* ViewController1.swift */; };
		0611B78D2334E33F007BB7BF /* ViewController2.swift in Sources */ = {isa = PBXBuildFile; fileRef = 0611B78C2334E33F007BB7BF /* ViewController2.swift */; };
/* End PBXBuildFile section */

/* Begin PBXFileReference section */
		0611B7752334E288007BB7BF /* NotificationCenter.app */ = {isa = PBXFileReference; explicitFileType = wrapper.application; includeInIndex = 0; path = NotificationCenter.app; sourceTree = BUILT_PRODUCTS_DIR; };
		0611B7782334E288007BB7BF /* AppDelegate.swift */ = {isa = PBXFileReference; lastKnownFileType = sourcecode.swift; path = AppDelegate.swift; sourceTree = "<group>"; };
		0611B77D2334E288007BB7BF /* Base */ = {isa = PBXFileReference; lastKnownFileType = file.storyboard; name = Base; path = Base.lproj/Main.storyboard; sourceTree = "<group>"; };
		0611B77F2334E296007BB7BF /* Assets.xcassets */ = {isa = PBXFileReference; lastKnownFileType = folder.assetcatalog; path = Assets.xcassets; sourceTree = "<group>"; };
		0611B7822334E296007BB7BF /* Base */ = {isa = PBXFileReference; lastKnownFileType = file.storyboard; name = Base; path = Base.lproj/LaunchScreen.storyboard; sourceTree = "<group>"; };
		0611B7842334E297007BB7BF /* Info.plist */ = {isa = PBXFileReference; lastKnownFileType = text.plist.xml; path = Info.plist; sourceTree = "<group>"; };
		0611B78A2334E331007BB7BF /* ViewController1.swift */ = {isa = PBXFileReference; lastKnownFileType = sourcecode.swift; path = ViewController1.swift; sourceTree = "<group>"; };
		0611B78C2334E33F007BB7BF /* ViewController2.swift */ = {isa = PBXFileReference; lastKnownFileType = sourcecode.swift; path = ViewController2.swift; sourceTree = "<group>"; };
/* End PBXFileReference section */

/* Begin PBXFrameworksBuildPhase section */
		0611B7722334E288007BB7BF /* Frameworks */ = {
			isa = PBXFrameworksBuildPhase;
			buildActionMask = 2147483647;
			files = (
			);
			runOnlyForDeploymentPostprocessing = 0;
		};
/* End PBXFrameworksBuildPhase section */

/* Begin PBXGroup section */
		0611B76C2334E288007BB7BF = {
			isa = PBXGroup;
			children = (
				0611B7772334E288007BB7BF /* NotificationCenter */,
				0611B7762334E288007BB7BF /* Products */,
			);
			sourceTree = "<group>";
		};
		0611B7762334E288007BB7BF /* Products */ = {
			isa = PBXGroup;
			children = (
				0611B7752334E288007BB7BF /* NotificationCenter.app */,
			);
			name = Products;
			sourceTree = "<group>";
		};
		0611B7772334E288007BB7BF /* NotificationCenter */ = {
			isa = PBXGroup;
			children = (
				0611B78E2334E344007BB7BF /* AppDelegate */,
				0611B7902334E35E007BB7BF /* Model */,
				0611B78F2334E34F007BB7BF /* Views */,
				0611B7912334E368007BB7BF /* Controllers */,
				0611B7922334E43B007BB7BF /* Resources */,
				0611B7842334E297007BB7BF /* Info.plist */,
			);
			path = NotificationCenter;
			sourceTree = "<group>";
		};
		0611B78E2334E344007BB7BF /* AppDelegate */ = {
			isa = PBXGroup;
			children = (
				0611B7782334E288007BB7BF /* AppDelegate.swift */,
			);
			path = AppDelegate;
			sourceTree = "<group>";
		};
		0611B78F2334E34F007BB7BF /* Views */ = {
			isa = PBXGroup;
			children = (
			);
			path = Views;
			sourceTree = "<group>";
		};
		0611B7902334E35E007BB7BF /* Model */ = {
			isa = PBXGroup;
			children = (
			);
			path = Model;
			sourceTree = "<group>";
		};
		0611B7912334E368007BB7BF /* Controllers */ = {
			isa = PBXGroup;
			children = (
				0611B78A2334E331007BB7BF /* ViewController1.swift */,
				0611B78C2334E33F007BB7BF /* ViewController2.swift */,
			);
			path = Controllers;
			sourceTree = "<group>";
		};
		0611B7922334E43B007BB7BF /* Resources */ = {
			isa = PBXGroup;
			children = (
				0611B7932334E44A007BB7BF /* Storyboards */,
				0611B7942334E459007BB7BF /* Images */,
			);
			path = Resources;
			sourceTree = "<group>";
		};
		0611B7932334E44A007BB7BF /* Storyboards */ = {
			isa = PBXGroup;
			children = (
				0611B77C2334E288007BB7BF /* Main.storyboard */,
				0611B7812334E296007BB7BF /* LaunchScreen.storyboard */,
			);
			path = Storyboards;
			sourceTree = "<group>";
		};
		0611B7942334E459007BB7BF /* Images */ = {
			isa = PBXGroup;
			children = (
				0611B77F2334E296007BB7BF /* Assets.xcassets */,
			);
			path = Images;
			sourceTree = "<group>";
		};
/* End PBXGroup section */

/* Begin PBXNativeTarget section */
		0611B7742334E288007BB7BF /* NotificationCenter */ = {
			isa = PBXNativeTarget;
			buildConfigurationList = 0611B7872334E297007BB7BF /* Build configuration list for PBXNativeTarget "NotificationCenter" */;
			buildPhases = (
				0611B7712334E288007BB7BF /* Sources */,
				0611B7722334E288007BB7BF /* Frameworks */,
				0611B7732334E288007BB7BF /* Resources */,
			);
			buildRules = (
			);
			dependencies = (
			);
			name = NotificationCenter;
			productName = NotificationCenter;
			productReference = 0611B7752334E288007BB7BF /* NotificationCenter.app */;
			productType = "com.apple.product-type.application";
		};
/* End PBXNativeTarget section */

/* Begin PBXProject section */
		0611B76D2334E288007BB7BF /* Project object */ = {
			isa = PBXProject;
			attributes = {
				LastSwiftUpdateCheck = 1030;
				LastUpgradeCheck = 1030;
				ORGANIZATIONNAME = "Mallikarjun H";
				TargetAttributes = {
					0611B7742334E288007BB7BF = {
						CreatedOnToolsVersion = 10.3;
					};
				};
			};
			buildConfigurationList = 0611B7702334E288007BB7BF /* Build configuration list for PBXProject "NotificationCenter" */;
			compatibilityVersion = "Xcode 9.3";
			developmentRegion = en;
			hasScannedForEncodings = 0;
			knownRegions = (
				en,
				Base,
			);
			mainGroup = 0611B76C2334E288007BB7BF;
			productRefGroup = 0611B7762334E288007BB7BF /* Products */;
			projectDirPath = "";
			projectRoot = "";
			targets = (
				0611B7742334E288007BB7BF /* NotificationCenter */,
			);
		};
/* End PBXProject section */

/* Begin PBXResourcesBuildPhase section */
		0611B7732334E288007BB7BF /* Resources */ = {
			isa = PBXResourcesBuildPhase;
			buildActionMask = 2147483647;
			files = (
				0611B7832334E296007BB7BF /* LaunchScreen.storyboard in Resources */,
				0611B7802334E296007BB7BF /* Assets.xcassets in Resources */,
				0611B77E2334E288007BB7BF /* Main.storyboard in Resources */,
			);
			runOnlyForDeploymentPostprocessing = 0;
		};
/* End PBXResourcesBuildPhase section */

/* Begin PBXSourcesBuildPhase section */
		0611B7712334E288007BB7BF /* Sources */ = {
			isa = PBXSourcesBuildPhase;
			buildActionMask = 2147483647;
			files = (
				0611B78B2334E331007BB7BF /* ViewController1.swift in Sources */,
				0611B7792334E288007BB7BF /* AppDelegate.swift in Sources */,
				0611B78D2334E33F007BB7BF /* ViewController2.swift in Sources */,
			);
			runOnlyForDeploymentPostprocessing = 0;
		};
/* End PBXSourcesBuildPhase section */

/* Begin PBXVariantGroup section */
		0611B77C2334E288007BB7BF /* Main.storyboard */ = {
			isa = PBXVariantGroup;
			children = (
				0611B77D2334E288007BB7BF /* Base */,
			);
			name = Main.storyboard;
			sourceTree = "<group>";
		};
		0611B7812334E296007BB7BF /* LaunchScreen.storyboard */ = {
			isa = PBXVariantGroup;
			children = (
				0611B7822334E296007BB7BF /* Base */,
			);
			name = LaunchScreen.storyboard;
			sourceTree = "<group>";
		};
/* End PBXVariantGroup section */

/* Begin XCBuildConfiguration section */
		0611B7852334E297007BB7BF /* Debug */ = {
			isa = XCBuildConfiguration;
			buildSettings = {
				ALWAYS_SEARCH_USER_PATHS = NO;
				CLANG_ANALYZER_NONNULL = YES;
				CLANG_ANALYZER_NUMBER_OBJECT_CONVERSION = YES_AGGRESSIVE;
				CLANG_CXX_LANGUAGE_STANDARD = "gnu++14";
				CLANG_CXX_LIBRARY = "libc++";
				CLANG_ENABLE_MODULES = YES;
				CLANG_ENABLE_OBJC_ARC = YES;
				CLANG_ENABLE_OBJC_WEAK = YES;
				CLANG_WARN_BLOCK_CAPTURE_AUTORELEASING = YES;
				CLANG_WARN_BOOL_CONVERSION = YES;
				CLANG_WARN_COMMA = YES;
				CLANG_WARN_CONSTANT_CONVERSION = YES;
				CLANG_WARN_DEPRECATED_OBJC_IMPLEMENTATIONS = YES;
				CLANG_WARN_DIRECT_OBJC_ISA_USAGE = YES_ERROR;
				CLANG_WARN_DOCUMENTATION_COMMENTS = YES;
				CLANG_WARN_EMPTY_BODY = YES;
				CLANG_WARN_ENUM_CONVERSION = YES;
				CLANG_WARN_INFINITE_RECURSION = YES;
				CLANG_WARN_INT_CONVERSION = YES;
				CLANG_WARN_NON_LITERAL_NULL_CONVERSION = YES;
				CLANG_WARN_OBJC_IMPLICIT_RETAIN_SELF = YES;
				CLANG_WARN_OBJC_LITERAL_CONVERSION = YES;
				CLANG_WARN_OBJC_ROOT_CLASS = YES_ERROR;
				CLANG_WARN_RANGE_LOOP_ANALYSIS = YES;
				CLANG_WARN_STRICT_PROTOTYPES = YES;
				CLANG_WARN_SUSPICIOUS_MOVE = YES;
				CLANG_WARN_UNGUARDED_AVAILABILITY = YES_AGGRESSIVE;
				CLANG_WARN_UNREACHABLE_CODE = YES;
				CLANG_WARN__DUPLICATE_METHOD_MATCH = YES;
				CODE_SIGN_IDENTITY = "iPhone Developer";
				COPY_PHASE_STRIP = NO;
				DEBUG_INFORMATION_FORMAT = dwarf;
				ENABLE_STRICT_OBJC_MSGSEND = YES;
				ENABLE_TESTABILITY = YES;
				GCC_C_LANGUAGE_STANDARD = gnu11;
				GCC_DYNAMIC_NO_PIC = NO;
				GCC_NO_COMMON_BLOCKS = YES;
				GCC_OPTIMIZATION_LEVEL = 0;
				GCC_PREPROCESSOR_DEFINITIONS = (
					"DEBUG=1",
					"$(inherited)",
				);
				GCC_WARN_64_TO_32_BIT_CONVERSION = YES;
				GCC_WARN_ABOUT_RETURN_TYPE = YES_ERROR;
				GCC_WARN_UNDECLARED_SELECTOR = YES;
				GCC_WARN_UNINITIALIZED_AUTOS = YES_AGGRESSIVE;
				GCC_WARN_UNUSED_FUNCTION = YES;
				GCC_WARN_UNUSED_VARIABLE = YES;
				IPHONEOS_DEPLOYMENT_TARGET = 12.4;
				MTL_ENABLE_DEBUG_INFO = INCLUDE_SOURCE;
				MTL_FAST_MATH = YES;
				ONLY_ACTIVE_ARCH = YES;
				SDKROOT = iphoneos;
				SWIFT_ACTIVE_COMPILATION_CONDITIONS = DEBUG;
				SWIFT_OPTIMIZATION_LEVEL = "-Onone";
			};
			name = Debug;
		};
		0611B7862334E297007BB7BF /* Release */ = {
			isa = XCBuildConfiguration;
			buildSettings = {
				ALWAYS_SEARCH_USER_PATHS = NO;
				CLANG_ANALYZER_NONNULL = YES;
				CLANG_ANALYZER_NUMBER_OBJECT_CONVERSION = YES_AGGRESSIVE;
				CLANG_CXX_LANGUAGE_STANDARD = "gnu++14";
				CLANG_CXX_LIBRARY = "libc++";
				CLANG_ENABLE_MODULES = YES;
				CLANG_ENABLE_OBJC_ARC = YES;
				CLANG_ENABLE_OBJC_WEAK = YES;
				CLANG_WARN_BLOCK_CAPTURE_AUTORELEASING = YES;
				CLANG_WARN_BOOL_CONVERSION = YES;
				CLANG_WARN_COMMA = YES;
				CLANG_WARN_CONSTANT_CONVERSION = YES;
				CLANG_WARN_DEPRECATED_OBJC_IMPLEMENTATIONS = YES;
				CLANG_WARN_DIRECT_OBJC_ISA_USAGE = YES_ERROR;
				CLANG_WARN_DOCUMENTATION_COMMENTS = YES;
				CLANG_WARN_EMPTY_BODY = YES;
				CLANG_WARN_ENUM_CONVERSION = YES;
				CLANG_WARN_INFINITE_RECURSION = YES;
				CLANG_WARN_INT_CONVERSION = YES;
				CLANG_WARN_NON_LITERAL_NULL_CONVERSION = YES;
				CLANG_WARN_OBJC_IMPLICIT_RETAIN_SELF = YES;
				CLANG_WARN_OBJC_LITERAL_CONVERSION = YES;
				CLANG_WARN_OBJC_ROOT_CLASS = YES_ERROR;
				CLANG_WARN_RANGE_LOOP_ANALYSIS = YES;
				CLANG_WARN_STRICT_PROTOTYPES = YES;
				CLANG_WARN_SUSPICIOUS_MOVE = YES;
				CLANG_WARN_UNGUARDED_AVAILABILITY = YES_AGGRESSIVE;
				CLANG_WARN_UNREACHABLE_CODE = YES;
				CLANG_WARN__DUPLICATE_METHOD_MATCH = YES;
				CODE_SIGN_IDENTITY = "iPhone Developer";
				COPY_PHASE_STRIP = NO;
				DEBUG_INFORMATION_FORMAT = "dwarf-with-dsym";
				ENABLE_NS_ASSERTIONS = NO;
				ENABLE_STRICT_OBJC_MSGSEND = YES;
				GCC_C_LANGUAGE_STANDARD = gnu11;
				GCC_NO_COMMON_BLOCKS = YES;
				GCC_WARN_64_TO_32_BIT_CONVERSION = YES;
				GCC_WARN_ABOUT_RETURN_TYPE = YES_ERROR;
				GCC_WARN_UNDECLARED_SELECTOR = YES;
				GCC_WARN_UNINITIALIZED_AUTOS = YES_AGGRESSIVE;
				GCC_WARN_UNUSED_FUNCTION = YES;
				GCC_WARN_UNUSED_VARIABLE = YES;
				IPHONEOS_DEPLOYMENT_TARGET = 12.4;
				MTL_ENABLE_DEBUG_INFO = NO;
				MTL_FAST_MATH = YES;
				SDKROOT = iphoneos;
				SWIFT_COMPILATION_MODE = wholemodule;
				SWIFT_OPTIMIZATION_LEVEL = "-O";
				VALIDATE_PRODUCT = YES;
			};
			name = Release;
		};
		0611B7882334E297007BB7BF /* Debug */ = {
			isa = XCBuildConfiguration;
			buildSettings = {
				ASSETCATALOG_COMPILER_APPICON_NAME = AppIcon;
				CODE_SIGN_STYLE = Automatic;
				DEVELOPMENT_TEAM = 9HVHM5PPH2;
				INFOPLIST_FILE = NotificationCenter/Info.plist;
				LD_RUNPATH_SEARCH_PATHS = (
					"$(inherited)",
					"@executable_path/Frameworks",
				);
				PRODUCT_BUNDLE_IDENTIFIER = TestExamples.NotificationCenter;
				PRODUCT_NAME = "$(TARGET_NAME)";
				SWIFT_VERSION = 5.0;
				TARGETED_DEVICE_FAMILY = "1,2";
			};
			name = Debug;
		};
		0611B7892334E297007BB7BF /* Release */ = {
			isa = XCBuildConfiguration;
			buildSettings = {
				ASSETCATALOG_COMPILER_APPICON_NAME = AppIcon;
				CODE_SIGN_STYLE = Automatic;
				DEVELOPMENT_TEAM = 9HVHM5PPH2;
				INFOPLIST_FILE = NotificationCenter/Info.plist;
				LD_RUNPATH_SEARCH_PATHS = (
					"$(inherited)",
					"@executable_path/Frameworks",
				);
				PRODUCT_BUNDLE_IDENTIFIER = TestExamples.NotificationCenter;
				PRODUCT_NAME = "$(TARGET_NAME)";
				SWIFT_VERSION = 5.0;
				TARGETED_DEVICE_FAMILY = "1,2";
			};
			name = Release;
		};
/* End XCBuildConfiguration section */

/* Begin XCConfigurationList section */
		0611B7702334E288007BB7BF /* Build configuration list for PBXProject "NotificationCenter" */ = {
			isa = XCConfigurationList;
			buildConfigurations = (
				0611B7852334E297007BB7BF /* Debug */,
				0611B7862334E297007BB7BF /* Release */,
			);
			defaultConfigurationIsVisible = 0;
			defaultConfigurationName = Release;
		};
		0611B7872334E297007BB7BF /* Build configuration list for PBXNativeTarget "NotificationCenter" */ = {
			isa = XCConfigurationList;
			buildConfigurations = (
				0611B7882334E297007BB7BF /* Debug */,
				0611B7892334E297007BB7BF /* Release */,
			);
			defaultConfigurationIsVisible = 0;
			defaultConfigurationName = Release;
		};
/* End XCConfigurationList section */
	};
	rootObject = 0611B76D2334E288007BB7BF /* Project object */;
}
